// !$*UTF8*$!
{
	archiveVersion = 1;
	classes = {
	};
	objectVersion = 77;
	objects = {

/* Begin PBXContainerItemProxy section */
		F434B8D12D788BD100B5ACE3 /* PBXContainerItemProxy */ = {
			isa = PBXContainerItemProxy;
			containerPortal = F41F0F092D5715860098ECED /* Project object */;
			proxyType = 1;
			remoteGlobalIDString = F41F0F102D5715860098ECED;
			remoteInfo = FetchRecipe;
		};
		F4CEE8932D590A1900A69385 /* PBXContainerItemProxy */ = {
			isa = PBXContainerItemProxy;
			containerPortal = F41F0F092D5715860098ECED /* Project object */;
			proxyType = 1;
			remoteGlobalIDString = F41F0F102D5715860098ECED;
			remoteInfo = FetchRecipe;
		};
		F4F7159D2D698D4200ADA2A1 /* PBXContainerItemProxy */ = {
			isa = PBXContainerItemProxy;
			containerPortal = F41F0F092D5715860098ECED /* Project object */;
			proxyType = 1;
			remoteGlobalIDString = F41F0F102D5715860098ECED;
			remoteInfo = FetchRecipe;
		};
/* End PBXContainerItemProxy section */

/* Begin PBXFileReference section */
		F41F0F112D5715860098ECED /* FetchRecipe.app */ = {isa = PBXFileReference; explicitFileType = wrapper.application; includeInIndex = 0; path = FetchRecipe.app; sourceTree = BUILT_PRODUCTS_DIR; };
		F434B8CD2D788BD100B5ACE3 /* FetchRecipeCacheIntegrationTests.xctest */ = {isa = PBXFileReference; explicitFileType = wrapper.cfbundle; includeInIndex = 0; path = FetchRecipeCacheIntegrationTests.xctest; sourceTree = BUILT_PRODUCTS_DIR; };
		F48B491B2D7F1B97008D1015 /* CITestPlan.xctestplan */ = {isa = PBXFileReference; lastKnownFileType = text; path = CITestPlan.xctestplan; sourceTree = "<group>"; };
		F4BB7C532D6F4F540063FF7E /* FetchRecipeTestPlan.xctestplan */ = {isa = PBXFileReference; lastKnownFileType = text; path = FetchRecipeTestPlan.xctestplan; sourceTree = "<group>"; };
		F4CD33E62D79F3F300E82485 /* FetchRecipeAPIEndToEndTests.xctestplan */ = {isa = PBXFileReference; lastKnownFileType = text; path = FetchRecipeAPIEndToEndTests.xctestplan; sourceTree = "<group>"; };
		F4CD33EB2D79F4E600E82485 /* FetchRecipeCacheIntegrationTests.xctestplan */ = {isa = PBXFileReference; lastKnownFileType = text; path = FetchRecipeCacheIntegrationTests.xctestplan; sourceTree = "<group>"; };
		F4CEE88F2D590A1900A69385 /* FetchRecipeTests.xctest */ = {isa = PBXFileReference; explicitFileType = wrapper.cfbundle; includeInIndex = 0; path = FetchRecipeTests.xctest; sourceTree = BUILT_PRODUCTS_DIR; };
		F4F715992D698D4200ADA2A1 /* FetchRecipeAPIEndToEndTests.xctest */ = {isa = PBXFileReference; explicitFileType = wrapper.cfbundle; includeInIndex = 0; path = FetchRecipeAPIEndToEndTests.xctest; sourceTree = BUILT_PRODUCTS_DIR; };
/* End PBXFileReference section */

/* Begin PBXFileSystemSynchronizedRootGroup section */
		F41F0F132D5715860098ECED /* FetchRecipe */ = {
			isa = PBXFileSystemSynchronizedRootGroup;
			path = FetchRecipe;
			sourceTree = "<group>";
		};
		F434B8CE2D788BD100B5ACE3 /* FetchRecipeCacheIntegrationTests */ = {
			isa = PBXFileSystemSynchronizedRootGroup;
			path = FetchRecipeCacheIntegrationTests;
			sourceTree = "<group>";
		};
		F4BB7C5C2D6F4FDD0063FF7E /* Recipe Cache */ = {
			isa = PBXFileSystemSynchronizedRootGroup;
			path = "Recipe Cache";
			sourceTree = "<group>";
		};
		F4BB7C632D6F4FE10063FF7E /* Recipe API */ = {
			isa = PBXFileSystemSynchronizedRootGroup;
			path = "Recipe API";
			sourceTree = "<group>";
		};
		F4F7159A2D698D4200ADA2A1 /* FetchRecipeAPIEndToEndTests */ = {
			isa = PBXFileSystemSynchronizedRootGroup;
			path = FetchRecipeAPIEndToEndTests;
			sourceTree = "<group>";
		};
/* End PBXFileSystemSynchronizedRootGroup section */

/* Begin PBXFrameworksBuildPhase section */
		F41F0F0E2D5715860098ECED /* Frameworks */ = {
			isa = PBXFrameworksBuildPhase;
			buildActionMask = 2147483647;
			files = (
			);
			runOnlyForDeploymentPostprocessing = 0;
		};
		F434B8CA2D788BD100B5ACE3 /* Frameworks */ = {
			isa = PBXFrameworksBuildPhase;
			buildActionMask = 2147483647;
			files = (
			);
			runOnlyForDeploymentPostprocessing = 0;
		};
		F4CEE88C2D590A1900A69385 /* Frameworks */ = {
			isa = PBXFrameworksBuildPhase;
			buildActionMask = 2147483647;
			files = (
			);
			runOnlyForDeploymentPostprocessing = 0;
		};
		F4F715962D698D4200ADA2A1 /* Frameworks */ = {
			isa = PBXFrameworksBuildPhase;
			buildActionMask = 2147483647;
			files = (
			);
			runOnlyForDeploymentPostprocessing = 0;
		};
/* End PBXFrameworksBuildPhase section */

/* Begin PBXGroup section */
		F41F0F082D5715860098ECED = {
			isa = PBXGroup;
			children = (
				F48B491B2D7F1B97008D1015 /* CITestPlan.xctestplan */,
				F4CD33EB2D79F4E600E82485 /* FetchRecipeCacheIntegrationTests.xctestplan */,
				F4BB7C532D6F4F540063FF7E /* FetchRecipeTestPlan.xctestplan */,
				F4CD33E62D79F3F300E82485 /* FetchRecipeAPIEndToEndTests.xctestplan */,
				F41F0F132D5715860098ECED /* FetchRecipe */,
				F434B8C82D788A8100B5ACE3 /* FetchRecipeTests */,
				F4F7159A2D698D4200ADA2A1 /* FetchRecipeAPIEndToEndTests */,
				F434B8CE2D788BD100B5ACE3 /* FetchRecipeCacheIntegrationTests */,
				F41F0F122D5715860098ECED /* Products */,
			);
			sourceTree = "<group>";
		};
		F41F0F122D5715860098ECED /* Products */ = {
			isa = PBXGroup;
			children = (
				F41F0F112D5715860098ECED /* FetchRecipe.app */,
				F4CEE88F2D590A1900A69385 /* FetchRecipeTests.xctest */,
				F4F715992D698D4200ADA2A1 /* FetchRecipeAPIEndToEndTests.xctest */,
				F434B8CD2D788BD100B5ACE3 /* FetchRecipeCacheIntegrationTests.xctest */,
			);
			name = Products;
			sourceTree = "<group>";
		};
		F434B8C82D788A8100B5ACE3 /* FetchRecipeTests */ = {
			isa = PBXGroup;
			children = (
				F4BB7C632D6F4FE10063FF7E /* Recipe API */,
				F4BB7C5C2D6F4FDD0063FF7E /* Recipe Cache */,
			);
			path = FetchRecipeTests;
			sourceTree = "<group>";
		};
/* End PBXGroup section */

/* Begin PBXNativeTarget section */
		F41F0F102D5715860098ECED /* FetchRecipe */ = {
			isa = PBXNativeTarget;
			buildConfigurationList = F41F0F202D5715880098ECED /* Build configuration list for PBXNativeTarget "FetchRecipe" */;
			buildPhases = (
				F41F0F0D2D5715860098ECED /* Sources */,
				F41F0F0E2D5715860098ECED /* Frameworks */,
				F41F0F0F2D5715860098ECED /* Resources */,
			);
			buildRules = (
			);
			dependencies = (
			);
			fileSystemSynchronizedGroups = (
				F41F0F132D5715860098ECED /* FetchRecipe */,
			);
			name = FetchRecipe;
			packageProductDependencies = (
			);
			productName = FetchRecipe;
			productReference = F41F0F112D5715860098ECED /* FetchRecipe.app */;
			productType = "com.apple.product-type.application";
		};
		F434B8CC2D788BD100B5ACE3 /* FetchRecipeCacheIntegrationTests */ = {
			isa = PBXNativeTarget;
			buildConfigurationList = F434B8D32D788BD100B5ACE3 /* Build configuration list for PBXNativeTarget "FetchRecipeCacheIntegrationTests" */;
			buildPhases = (
				F434B8C92D788BD100B5ACE3 /* Sources */,
				F434B8CA2D788BD100B5ACE3 /* Frameworks */,
				F434B8CB2D788BD100B5ACE3 /* Resources */,
			);
			buildRules = (
			);
			dependencies = (
				F434B8D22D788BD100B5ACE3 /* PBXTargetDependency */,
			);
			fileSystemSynchronizedGroups = (
				F434B8CE2D788BD100B5ACE3 /* FetchRecipeCacheIntegrationTests */,
			);
			name = FetchRecipeCacheIntegrationTests;
			packageProductDependencies = (
			);
			productName = FetchRecipeIntegrationTests;
			productReference = F434B8CD2D788BD100B5ACE3 /* FetchRecipeCacheIntegrationTests.xctest */;
			productType = "com.apple.product-type.bundle.unit-test";
		};
		F4CEE88E2D590A1900A69385 /* FetchRecipeTests */ = {
			isa = PBXNativeTarget;
			buildConfigurationList = F4CEE8952D590A1900A69385 /* Build configuration list for PBXNativeTarget "FetchRecipeTests" */;
			buildPhases = (
				F4CEE88B2D590A1900A69385 /* Sources */,
				F4CEE88C2D590A1900A69385 /* Frameworks */,
				F4CEE88D2D590A1900A69385 /* Resources */,
			);
			buildRules = (
			);
			dependencies = (
				F4CEE8942D590A1900A69385 /* PBXTargetDependency */,
			);
			fileSystemSynchronizedGroups = (
				F4BB7C5C2D6F4FDD0063FF7E /* Recipe Cache */,
				F4BB7C632D6F4FE10063FF7E /* Recipe API */,
			);
			name = FetchRecipeTests;
			packageProductDependencies = (
			);
			productName = FetchRecipeTests;
			productReference = F4CEE88F2D590A1900A69385 /* FetchRecipeTests.xctest */;
			productType = "com.apple.product-type.bundle.unit-test";
		};
		F4F715982D698D4200ADA2A1 /* FetchRecipeAPIEndToEndTests */ = {
			isa = PBXNativeTarget;
			buildConfigurationList = F4F7159F2D698D4200ADA2A1 /* Build configuration list for PBXNativeTarget "FetchRecipeAPIEndToEndTests" */;
			buildPhases = (
				F4F715952D698D4200ADA2A1 /* Sources */,
				F4F715962D698D4200ADA2A1 /* Frameworks */,
				F4F715972D698D4200ADA2A1 /* Resources */,
			);
			buildRules = (
			);
			dependencies = (
				F4F7159E2D698D4200ADA2A1 /* PBXTargetDependency */,
			);
			fileSystemSynchronizedGroups = (
				F4F7159A2D698D4200ADA2A1 /* FetchRecipeAPIEndToEndTests */,
			);
			name = FetchRecipeAPIEndToEndTests;
			packageProductDependencies = (
			);
			productName = FetchRecipeAPIEndToEndTests;
			productReference = F4F715992D698D4200ADA2A1 /* FetchRecipeAPIEndToEndTests.xctest */;
			productType = "com.apple.product-type.bundle.unit-test";
		};
/* End PBXNativeTarget section */

/* Begin PBXProject section */
		F41F0F092D5715860098ECED /* Project object */ = {
			isa = PBXProject;
			attributes = {
				BuildIndependentTargetsInParallel = 1;
				LastSwiftUpdateCheck = 1600;
				LastUpgradeCheck = 1600;
				TargetAttributes = {
					F41F0F102D5715860098ECED = {
						CreatedOnToolsVersion = 16.0;
					};
					F434B8CC2D788BD100B5ACE3 = {
						CreatedOnToolsVersion = 16.0;
						TestTargetID = F41F0F102D5715860098ECED;
					};
					F4CEE88E2D590A1900A69385 = {
						CreatedOnToolsVersion = 16.0;
						TestTargetID = F41F0F102D5715860098ECED;
					};
					F4F715982D698D4200ADA2A1 = {
						CreatedOnToolsVersion = 16.0;
						TestTargetID = F41F0F102D5715860098ECED;
					};
				};
			};
			buildConfigurationList = F41F0F0C2D5715860098ECED /* Build configuration list for PBXProject "FetchRecipe" */;
			developmentRegion = en;
			hasScannedForEncodings = 0;
			knownRegions = (
				en,
				Base,
			);
			mainGroup = F41F0F082D5715860098ECED;
			minimizedProjectReferenceProxies = 1;
			preferredProjectObjectVersion = 77;
			productRefGroup = F41F0F122D5715860098ECED /* Products */;
			projectDirPath = "";
			projectRoot = "";
			targets = (
				F41F0F102D5715860098ECED /* FetchRecipe */,
				F4CEE88E2D590A1900A69385 /* FetchRecipeTests */,
				F4F715982D698D4200ADA2A1 /* FetchRecipeAPIEndToEndTests */,
				F434B8CC2D788BD100B5ACE3 /* FetchRecipeCacheIntegrationTests */,
			);
		};
/* End PBXProject section */

/* Begin PBXResourcesBuildPhase section */
		F41F0F0F2D5715860098ECED /* Resources */ = {
			isa = PBXResourcesBuildPhase;
			buildActionMask = 2147483647;
			files = (
			);
			runOnlyForDeploymentPostprocessing = 0;
		};
		F434B8CB2D788BD100B5ACE3 /* Resources */ = {
			isa = PBXResourcesBuildPhase;
			buildActionMask = 2147483647;
			files = (
			);
			runOnlyForDeploymentPostprocessing = 0;
		};
		F4CEE88D2D590A1900A69385 /* Resources */ = {
			isa = PBXResourcesBuildPhase;
			buildActionMask = 2147483647;
			files = (
			);
			runOnlyForDeploymentPostprocessing = 0;
		};
		F4F715972D698D4200ADA2A1 /* Resources */ = {
			isa = PBXResourcesBuildPhase;
			buildActionMask = 2147483647;
			files = (
			);
			runOnlyForDeploymentPostprocessing = 0;
		};
/* End PBXResourcesBuildPhase section */

/* Begin PBXSourcesBuildPhase section */
		F41F0F0D2D5715860098ECED /* Sources */ = {
			isa = PBXSourcesBuildPhase;
			buildActionMask = 2147483647;
			files = (
			);
			runOnlyForDeploymentPostprocessing = 0;
		};
		F434B8C92D788BD100B5ACE3 /* Sources */ = {
			isa = PBXSourcesBuildPhase;
			buildActionMask = 2147483647;
			files = (
			);
			runOnlyForDeploymentPostprocessing = 0;
		};
		F4CEE88B2D590A1900A69385 /* Sources */ = {
			isa = PBXSourcesBuildPhase;
			buildActionMask = 2147483647;
			files = (
			);
			runOnlyForDeploymentPostprocessing = 0;
		};
		F4F715952D698D4200ADA2A1 /* Sources */ = {
			isa = PBXSourcesBuildPhase;
			buildActionMask = 2147483647;
			files = (
			);
			runOnlyForDeploymentPostprocessing = 0;
		};
/* End PBXSourcesBuildPhase section */

/* Begin PBXTargetDependency section */
		F434B8D22D788BD100B5ACE3 /* PBXTargetDependency */ = {
			isa = PBXTargetDependency;
			target = F41F0F102D5715860098ECED /* FetchRecipe */;
			targetProxy = F434B8D12D788BD100B5ACE3 /* PBXContainerItemProxy */;
		};
		F4CEE8942D590A1900A69385 /* PBXTargetDependency */ = {
			isa = PBXTargetDependency;
			target = F41F0F102D5715860098ECED /* FetchRecipe */;
			targetProxy = F4CEE8932D590A1900A69385 /* PBXContainerItemProxy */;
		};
		F4F7159E2D698D4200ADA2A1 /* PBXTargetDependency */ = {
			isa = PBXTargetDependency;
			target = F41F0F102D5715860098ECED /* FetchRecipe */;
			targetProxy = F4F7159D2D698D4200ADA2A1 /* PBXContainerItemProxy */;
		};
/* End PBXTargetDependency section */

/* Begin XCBuildConfiguration section */
		F41F0F1E2D5715880098ECED /* Debug */ = {
			isa = XCBuildConfiguration;
			buildSettings = {
				ALWAYS_SEARCH_USER_PATHS = NO;
				ASSETCATALOG_COMPILER_GENERATE_SWIFT_ASSET_SYMBOL_EXTENSIONS = YES;
				CLANG_ANALYZER_NONNULL = YES;
				CLANG_ANALYZER_NUMBER_OBJECT_CONVERSION = YES_AGGRESSIVE;
				CLANG_CXX_LANGUAGE_STANDARD = "gnu++20";
				CLANG_ENABLE_MODULES = YES;
				CLANG_ENABLE_OBJC_ARC = YES;
				CLANG_ENABLE_OBJC_WEAK = YES;
				CLANG_WARN_BLOCK_CAPTURE_AUTORELEASING = YES;
				CLANG_WARN_BOOL_CONVERSION = YES;
				CLANG_WARN_COMMA = YES;
				CLANG_WARN_CONSTANT_CONVERSION = YES;
				CLANG_WARN_DEPRECATED_OBJC_IMPLEMENTATIONS = YES;
				CLANG_WARN_DIRECT_OBJC_ISA_USAGE = YES_ERROR;
				CLANG_WARN_DOCUMENTATION_COMMENTS = YES;
				CLANG_WARN_EMPTY_BODY = YES;
				CLANG_WARN_ENUM_CONVERSION = YES;
				CLANG_WARN_INFINITE_RECURSION = YES;
				CLANG_WARN_INT_CONVERSION = YES;
				CLANG_WARN_NON_LITERAL_NULL_CONVERSION = YES;
				CLANG_WARN_OBJC_IMPLICIT_RETAIN_SELF = YES;
				CLANG_WARN_OBJC_LITERAL_CONVERSION = YES;
				CLANG_WARN_OBJC_ROOT_CLASS = YES_ERROR;
				CLANG_WARN_QUOTED_INCLUDE_IN_FRAMEWORK_HEADER = YES;
				CLANG_WARN_RANGE_LOOP_ANALYSIS = YES;
				CLANG_WARN_STRICT_PROTOTYPES = YES;
				CLANG_WARN_SUSPICIOUS_MOVE = YES;
				CLANG_WARN_UNGUARDED_AVAILABILITY = YES_AGGRESSIVE;
				CLANG_WARN_UNREACHABLE_CODE = YES;
				CLANG_WARN__DUPLICATE_METHOD_MATCH = YES;
				COPY_PHASE_STRIP = NO;
				DEBUG_INFORMATION_FORMAT = dwarf;
				ENABLE_STRICT_OBJC_MSGSEND = YES;
				ENABLE_TESTABILITY = YES;
				ENABLE_USER_SCRIPT_SANDBOXING = YES;
				GCC_C_LANGUAGE_STANDARD = gnu17;
				GCC_DYNAMIC_NO_PIC = NO;
				GCC_NO_COMMON_BLOCKS = YES;
				GCC_OPTIMIZATION_LEVEL = 0;
				GCC_PREPROCESSOR_DEFINITIONS = (
					"DEBUG=1",
					"$(inherited)",
				);
				GCC_WARN_64_TO_32_BIT_CONVERSION = YES;
				GCC_WARN_ABOUT_RETURN_TYPE = YES_ERROR;
				GCC_WARN_UNDECLARED_SELECTOR = YES;
				GCC_WARN_UNINITIALIZED_AUTOS = YES_AGGRESSIVE;
				GCC_WARN_UNUSED_FUNCTION = YES;
				GCC_WARN_UNUSED_VARIABLE = YES;
				LOCALIZATION_PREFERS_STRING_CATALOGS = YES;
				MTL_ENABLE_DEBUG_INFO = INCLUDE_SOURCE;
				MTL_FAST_MATH = YES;
				ONLY_ACTIVE_ARCH = YES;
				SWIFT_ACTIVE_COMPILATION_CONDITIONS = "DEBUG $(inherited)";
				SWIFT_OPTIMIZATION_LEVEL = "-Onone";
			};
			name = Debug;
		};
		F41F0F1F2D5715880098ECED /* Release */ = {
			isa = XCBuildConfiguration;
			buildSettings = {
				ALWAYS_SEARCH_USER_PATHS = NO;
				ASSETCATALOG_COMPILER_GENERATE_SWIFT_ASSET_SYMBOL_EXTENSIONS = YES;
				CLANG_ANALYZER_NONNULL = YES;
				CLANG_ANALYZER_NUMBER_OBJECT_CONVERSION = YES_AGGRESSIVE;
				CLANG_CXX_LANGUAGE_STANDARD = "gnu++20";
				CLANG_ENABLE_MODULES = YES;
				CLANG_ENABLE_OBJC_ARC = YES;
				CLANG_ENABLE_OBJC_WEAK = YES;
				CLANG_WARN_BLOCK_CAPTURE_AUTORELEASING = YES;
				CLANG_WARN_BOOL_CONVERSION = YES;
				CLANG_WARN_COMMA = YES;
				CLANG_WARN_CONSTANT_CONVERSION = YES;
				CLANG_WARN_DEPRECATED_OBJC_IMPLEMENTATIONS = YES;
				CLANG_WARN_DIRECT_OBJC_ISA_USAGE = YES_ERROR;
				CLANG_WARN_DOCUMENTATION_COMMENTS = YES;
				CLANG_WARN_EMPTY_BODY = YES;
				CLANG_WARN_ENUM_CONVERSION = YES;
				CLANG_WARN_INFINITE_RECURSION = YES;
				CLANG_WARN_INT_CONVERSION = YES;
				CLANG_WARN_NON_LITERAL_NULL_CONVERSION = YES;
				CLANG_WARN_OBJC_IMPLICIT_RETAIN_SELF = YES;
				CLANG_WARN_OBJC_LITERAL_CONVERSION = YES;
				CLANG_WARN_OBJC_ROOT_CLASS = YES_ERROR;
				CLANG_WARN_QUOTED_INCLUDE_IN_FRAMEWORK_HEADER = YES;
				CLANG_WARN_RANGE_LOOP_ANALYSIS = YES;
				CLANG_WARN_STRICT_PROTOTYPES = YES;
				CLANG_WARN_SUSPICIOUS_MOVE = YES;
				CLANG_WARN_UNGUARDED_AVAILABILITY = YES_AGGRESSIVE;
				CLANG_WARN_UNREACHABLE_CODE = YES;
				CLANG_WARN__DUPLICATE_METHOD_MATCH = YES;
				COPY_PHASE_STRIP = NO;
				DEBUG_INFORMATION_FORMAT = "dwarf-with-dsym";
				ENABLE_NS_ASSERTIONS = NO;
				ENABLE_STRICT_OBJC_MSGSEND = YES;
				ENABLE_USER_SCRIPT_SANDBOXING = YES;
				GCC_C_LANGUAGE_STANDARD = gnu17;
				GCC_NO_COMMON_BLOCKS = YES;
				GCC_WARN_64_TO_32_BIT_CONVERSION = YES;
				GCC_WARN_ABOUT_RETURN_TYPE = YES_ERROR;
				GCC_WARN_UNDECLARED_SELECTOR = YES;
				GCC_WARN_UNINITIALIZED_AUTOS = YES_AGGRESSIVE;
				GCC_WARN_UNUSED_FUNCTION = YES;
				GCC_WARN_UNUSED_VARIABLE = YES;
				LOCALIZATION_PREFERS_STRING_CATALOGS = YES;
				MTL_ENABLE_DEBUG_INFO = NO;
				MTL_FAST_MATH = YES;
				SWIFT_COMPILATION_MODE = wholemodule;
			};
			name = Release;
		};
		F41F0F212D5715880098ECED /* Debug */ = {
			isa = XCBuildConfiguration;
			buildSettings = {
				ASSETCATALOG_COMPILER_APPICON_NAME = AppIcon;
				ASSETCATALOG_COMPILER_GLOBAL_ACCENT_COLOR_NAME = AccentColor;
				CODE_SIGN_ENTITLEMENTS = FetchRecipe/FetchRecipe.entitlements;
				CODE_SIGN_STYLE = Automatic;
				CURRENT_PROJECT_VERSION = 1;
				DEVELOPMENT_ASSET_PATHS = "\"FetchRecipe/Preview Content\"";
				DEVELOPMENT_TEAM = 5P5V4X77XJ;
				ENABLE_HARDENED_RUNTIME = YES;
				ENABLE_PREVIEWS = YES;
				GENERATE_INFOPLIST_FILE = YES;
				"INFOPLIST_KEY_UIApplicationSceneManifest_Generation[sdk=iphoneos*]" = YES;
				"INFOPLIST_KEY_UIApplicationSceneManifest_Generation[sdk=iphonesimulator*]" = YES;
				"INFOPLIST_KEY_UIApplicationSupportsIndirectInputEvents[sdk=iphoneos*]" = YES;
				"INFOPLIST_KEY_UIApplicationSupportsIndirectInputEvents[sdk=iphonesimulator*]" = YES;
				"INFOPLIST_KEY_UILaunchScreen_Generation[sdk=iphoneos*]" = YES;
				"INFOPLIST_KEY_UILaunchScreen_Generation[sdk=iphonesimulator*]" = YES;
				"INFOPLIST_KEY_UIStatusBarStyle[sdk=iphoneos*]" = UIStatusBarStyleDefault;
				"INFOPLIST_KEY_UIStatusBarStyle[sdk=iphonesimulator*]" = UIStatusBarStyleDefault;
				INFOPLIST_KEY_UISupportedInterfaceOrientations_iPad = "UIInterfaceOrientationPortrait UIInterfaceOrientationPortraitUpsideDown UIInterfaceOrientationLandscapeLeft UIInterfaceOrientationLandscapeRight";
				INFOPLIST_KEY_UISupportedInterfaceOrientations_iPhone = "UIInterfaceOrientationPortrait UIInterfaceOrientationLandscapeLeft UIInterfaceOrientationLandscapeRight";
				IPHONEOS_DEPLOYMENT_TARGET = 18.0;
				LD_RUNPATH_SEARCH_PATHS = "@executable_path/Frameworks";
				"LD_RUNPATH_SEARCH_PATHS[sdk=macosx*]" = "@executable_path/../Frameworks";
				MACOSX_DEPLOYMENT_TARGET = 14.7;
				MARKETING_VERSION = 1.0;
				PRODUCT_BUNDLE_IDENTIFIER = com.matthewgraemehunt.gmail.FetchRecipe;
				PRODUCT_NAME = "$(TARGET_NAME)";
				SDKROOT = auto;
				SUPPORTED_PLATFORMS = "iphoneos iphonesimulator macosx xros xrsimulator";
				SWIFT_EMIT_LOC_STRINGS = YES;
				SWIFT_VERSION = 5.0;
				TARGETED_DEVICE_FAMILY = "1,2,7";
				XROS_DEPLOYMENT_TARGET = 2.0;
			};
			name = Debug;
		};
		F41F0F222D5715880098ECED /* Release */ = {
			isa = XCBuildConfiguration;
			buildSettings = {
				ASSETCATALOG_COMPILER_APPICON_NAME = AppIcon;
				ASSETCATALOG_COMPILER_GLOBAL_ACCENT_COLOR_NAME = AccentColor;
				CODE_SIGN_ENTITLEMENTS = FetchRecipe/FetchRecipe.entitlements;
				CODE_SIGN_STYLE = Automatic;
				CURRENT_PROJECT_VERSION = 1;
				DEVELOPMENT_ASSET_PATHS = "\"FetchRecipe/Preview Content\"";
				DEVELOPMENT_TEAM = 5P5V4X77XJ;
				ENABLE_HARDENED_RUNTIME = YES;
				ENABLE_PREVIEWS = YES;
				GENERATE_INFOPLIST_FILE = YES;
				"INFOPLIST_KEY_UIApplicationSceneManifest_Generation[sdk=iphoneos*]" = YES;
				"INFOPLIST_KEY_UIApplicationSceneManifest_Generation[sdk=iphonesimulator*]" = YES;
				"INFOPLIST_KEY_UIApplicationSupportsIndirectInputEvents[sdk=iphoneos*]" = YES;
				"INFOPLIST_KEY_UIApplicationSupportsIndirectInputEvents[sdk=iphonesimulator*]" = YES;
				"INFOPLIST_KEY_UILaunchScreen_Generation[sdk=iphoneos*]" = YES;
				"INFOPLIST_KEY_UILaunchScreen_Generation[sdk=iphonesimulator*]" = YES;
				"INFOPLIST_KEY_UIStatusBarStyle[sdk=iphoneos*]" = UIStatusBarStyleDefault;
				"INFOPLIST_KEY_UIStatusBarStyle[sdk=iphonesimulator*]" = UIStatusBarStyleDefault;
				INFOPLIST_KEY_UISupportedInterfaceOrientations_iPad = "UIInterfaceOrientationPortrait UIInterfaceOrientationPortraitUpsideDown UIInterfaceOrientationLandscapeLeft UIInterfaceOrientationLandscapeRight";
				INFOPLIST_KEY_UISupportedInterfaceOrientations_iPhone = "UIInterfaceOrientationPortrait UIInterfaceOrientationLandscapeLeft UIInterfaceOrientationLandscapeRight";
				IPHONEOS_DEPLOYMENT_TARGET = 18.0;
				LD_RUNPATH_SEARCH_PATHS = "@executable_path/Frameworks";
				"LD_RUNPATH_SEARCH_PATHS[sdk=macosx*]" = "@executable_path/../Frameworks";
				MACOSX_DEPLOYMENT_TARGET = 14.7;
				MARKETING_VERSION = 1.0;
				PRODUCT_BUNDLE_IDENTIFIER = com.matthewgraemehunt.gmail.FetchRecipe;
				PRODUCT_NAME = "$(TARGET_NAME)";
				SDKROOT = auto;
				SUPPORTED_PLATFORMS = "iphoneos iphonesimulator macosx xros xrsimulator";
				SWIFT_EMIT_LOC_STRINGS = YES;
				SWIFT_VERSION = 5.0;
				TARGETED_DEVICE_FAMILY = "1,2,7";
				XROS_DEPLOYMENT_TARGET = 2.0;
			};
			name = Release;
		};
		F434B8D42D788BD100B5ACE3 /* Debug */ = {
			isa = XCBuildConfiguration;
			buildSettings = {
				BUNDLE_LOADER = "$(TEST_HOST)";
				CODE_SIGN_STYLE = Automatic;
				CURRENT_PROJECT_VERSION = 1;
				DEVELOPMENT_TEAM = 5P5V4X77XJ;
				GENERATE_INFOPLIST_FILE = YES;
				IPHONEOS_DEPLOYMENT_TARGET = 18.0;
				MACOSX_DEPLOYMENT_TARGET = 14.7;
				MARKETING_VERSION = 1.0;
				PRODUCT_BUNDLE_IDENTIFIER = com.matthewgraemehunt.gmail.FetchRecipeIntegrationTests;
				PRODUCT_NAME = "$(TARGET_NAME)";
				SDKROOT = auto;
				SUPPORTED_PLATFORMS = "iphoneos iphonesimulator macosx xros xrsimulator";
				SWIFT_EMIT_LOC_STRINGS = NO;
				SWIFT_VERSION = 5.0;
				TARGETED_DEVICE_FAMILY = "1,2,7";
				TEST_HOST = "$(BUILT_PRODUCTS_DIR)/FetchRecipe.app/$(BUNDLE_EXECUTABLE_FOLDER_PATH)/FetchRecipe";
				XROS_DEPLOYMENT_TARGET = 2.0;
			};
			name = Debug;
		};
		F434B8D52D788BD100B5ACE3 /* Release */ = {
			isa = XCBuildConfiguration;
			buildSettings = {
				BUNDLE_LOADER = "$(TEST_HOST)";
				CODE_SIGN_STYLE = Automatic;
				CURRENT_PROJECT_VERSION = 1;
				DEVELOPMENT_TEAM = 5P5V4X77XJ;
				GENERATE_INFOPLIST_FILE = YES;
				IPHONEOS_DEPLOYMENT_TARGET = 18.0;
				MACOSX_DEPLOYMENT_TARGET = 14.7;
				MARKETING_VERSION = 1.0;
				PRODUCT_BUNDLE_IDENTIFIER = com.matthewgraemehunt.gmail.FetchRecipeIntegrationTests;
				PRODUCT_NAME = "$(TARGET_NAME)";
				SDKROOT = auto;
				SUPPORTED_PLATFORMS = "iphoneos iphonesimulator macosx xros xrsimulator";
				SWIFT_EMIT_LOC_STRINGS = NO;
				SWIFT_VERSION = 5.0;
				TARGETED_DEVICE_FAMILY = "1,2,7";
				TEST_HOST = "$(BUILT_PRODUCTS_DIR)/FetchRecipe.app/$(BUNDLE_EXECUTABLE_FOLDER_PATH)/FetchRecipe";
				XROS_DEPLOYMENT_TARGET = 2.0;
			};
			name = Release;
		};
		F4CEE8962D590A1900A69385 /* Debug */ = {
			isa = XCBuildConfiguration;
			buildSettings = {
				BUNDLE_LOADER = "$(TEST_HOST)";
				CODE_SIGN_STYLE = Automatic;
				CURRENT_PROJECT_VERSION = 1;
				DEVELOPMENT_TEAM = 5P5V4X77XJ;
				GENERATE_INFOPLIST_FILE = YES;
				IPHONEOS_DEPLOYMENT_TARGET = 18.0;
				MACOSX_DEPLOYMENT_TARGET = 14.7;
				MARKETING_VERSION = 1.0;
				PRODUCT_BUNDLE_IDENTIFIER = com.matthewgraemehunt.gmail.FetchRecipeTests;
				PRODUCT_NAME = "$(TARGET_NAME)";
				SDKROOT = auto;
				SUPPORTED_PLATFORMS = "iphoneos iphonesimulator macosx xros xrsimulator";
				SWIFT_EMIT_LOC_STRINGS = NO;
				SWIFT_VERSION = 5.0;
				TARGETED_DEVICE_FAMILY = "1,2,7";
				TEST_HOST = "$(BUILT_PRODUCTS_DIR)/FetchRecipe.app/$(BUNDLE_EXECUTABLE_FOLDER_PATH)/FetchRecipe";
				XROS_DEPLOYMENT_TARGET = 2.0;
			};
			name = Debug;
		};
		F4CEE8972D590A1900A69385 /* Release */ = {
			isa = XCBuildConfiguration;
			buildSettings = {
				BUNDLE_LOADER = "$(TEST_HOST)";
				CODE_SIGN_STYLE = Automatic;
				CURRENT_PROJECT_VERSION = 1;
				DEVELOPMENT_TEAM = 5P5V4X77XJ;
				GENERATE_INFOPLIST_FILE = YES;
				IPHONEOS_DEPLOYMENT_TARGET = 18.0;
				MACOSX_DEPLOYMENT_TARGET = 14.7;
				MARKETING_VERSION = 1.0;
				PRODUCT_BUNDLE_IDENTIFIER = com.matthewgraemehunt.gmail.FetchRecipeTests;
				PRODUCT_NAME = "$(TARGET_NAME)";
				SDKROOT = auto;
				SUPPORTED_PLATFORMS = "iphoneos iphonesimulator macosx xros xrsimulator";
				SWIFT_EMIT_LOC_STRINGS = NO;
				SWIFT_VERSION = 5.0;
				TARGETED_DEVICE_FAMILY = "1,2,7";
				TEST_HOST = "$(BUILT_PRODUCTS_DIR)/FetchRecipe.app/$(BUNDLE_EXECUTABLE_FOLDER_PATH)/FetchRecipe";
				XROS_DEPLOYMENT_TARGET = 2.0;
			};
			name = Release;
		};
		F4F715A02D698D4200ADA2A1 /* Debug */ = {
			isa = XCBuildConfiguration;
			buildSettings = {
				BUNDLE_LOADER = "$(TEST_HOST)";
				CODE_SIGN_STYLE = Automatic;
				CURRENT_PROJECT_VERSION = 1;
				DEVELOPMENT_TEAM = 5P5V4X77XJ;
				GENERATE_INFOPLIST_FILE = YES;
				IPHONEOS_DEPLOYMENT_TARGET = 18.0;
				MACOSX_DEPLOYMENT_TARGET = 14.7;
				MARKETING_VERSION = 1.0;
				PRODUCT_BUNDLE_IDENTIFIER = com.matthewgraemehunt.gmail.FetchRecipeAPIEndToEndTests;
				PRODUCT_NAME = "$(TARGET_NAME)";
				SDKROOT = auto;
				SUPPORTED_PLATFORMS = "iphoneos iphonesimulator macosx xros xrsimulator";
				SWIFT_EMIT_LOC_STRINGS = NO;
				SWIFT_VERSION = 6.0;
				TARGETED_DEVICE_FAMILY = "1,2,7";
				TEST_HOST = "$(BUILT_PRODUCTS_DIR)/FetchRecipe.app/$(BUNDLE_EXECUTABLE_FOLDER_PATH)/FetchRecipe";
				XROS_DEPLOYMENT_TARGET = 2.0;
			};
			name = Debug;
		};
		F4F715A12D698D4200ADA2A1 /* Release */ = {
			isa = XCBuildConfiguration;
			buildSettings = {
				BUNDLE_LOADER = "$(TEST_HOST)";
				CODE_SIGN_STYLE = Automatic;
				CURRENT_PROJECT_VERSION = 1;
				DEVELOPMENT_TEAM = 5P5V4X77XJ;
				GENERATE_INFOPLIST_FILE = YES;
				IPHONEOS_DEPLOYMENT_TARGET = 18.0;
				MACOSX_DEPLOYMENT_TARGET = 14.7;
				MARKETING_VERSION = 1.0;
				PRODUCT_BUNDLE_IDENTIFIER = com.matthewgraemehunt.gmail.FetchRecipeAPIEndToEndTests;
				PRODUCT_NAME = "$(TARGET_NAME)";
				SDKROOT = auto;
				SUPPORTED_PLATFORMS = "iphoneos iphonesimulator macosx xros xrsimulator";
				SWIFT_EMIT_LOC_STRINGS = NO;
				SWIFT_VERSION = 6.0;
				TARGETED_DEVICE_FAMILY = "1,2,7";
				TEST_HOST = "$(BUILT_PRODUCTS_DIR)/FetchRecipe.app/$(BUNDLE_EXECUTABLE_FOLDER_PATH)/FetchRecipe";
				XROS_DEPLOYMENT_TARGET = 2.0;
			};
			name = Release;
		};
/* End XCBuildConfiguration section */

/* Begin XCConfigurationList section */
		F41F0F0C2D5715860098ECED /* Build configuration list for PBXProject "FetchRecipe" */ = {
			isa = XCConfigurationList;
			buildConfigurations = (
				F41F0F1E2D5715880098ECED /* Debug */,
				F41F0F1F2D5715880098ECED /* Release */,
			);
			defaultConfigurationIsVisible = 0;
			defaultConfigurationName = Release;
		};
		F41F0F202D5715880098ECED /* Build configuration list for PBXNativeTarget "FetchRecipe" */ = {
			isa = XCConfigurationList;
			buildConfigurations = (
				F41F0F212D5715880098ECED /* Debug */,
				F41F0F222D5715880098ECED /* Release */,
			);
			defaultConfigurationIsVisible = 0;
			defaultConfigurationName = Release;
		};
		F434B8D32D788BD100B5ACE3 /* Build configuration list for PBXNativeTarget "FetchRecipeCacheIntegrationTests" */ = {
			isa = XCConfigurationList;
			buildConfigurations = (
				F434B8D42D788BD100B5ACE3 /* Debug */,
				F434B8D52D788BD100B5ACE3 /* Release */,
			);
			defaultConfigurationIsVisible = 0;
			defaultConfigurationName = Release;
		};
		F4CEE8952D590A1900A69385 /* Build configuration list for PBXNativeTarget "FetchRecipeTests" */ = {
			isa = XCConfigurationList;
			buildConfigurations = (
				F4CEE8962D590A1900A69385 /* Debug */,
				F4CEE8972D590A1900A69385 /* Release */,
			);
			defaultConfigurationIsVisible = 0;
			defaultConfigurationName = Release;
		};
		F4F7159F2D698D4200ADA2A1 /* Build configuration list for PBXNativeTarget "FetchRecipeAPIEndToEndTests" */ = {
			isa = XCConfigurationList;
			buildConfigurations = (
				F4F715A02D698D4200ADA2A1 /* Debug */,
				F4F715A12D698D4200ADA2A1 /* Release */,
			);
			defaultConfigurationIsVisible = 0;
			defaultConfigurationName = Release;
		};
/* End XCConfigurationList section */
	};
	rootObject = F41F0F092D5715860098ECED /* Project object */;
}
